// !$*UTF8*$!
{
	archiveVersion = 1;
	classes = {
	};
	objectVersion = 46;
	objects = {

/* Begin PBXBuildFile section */
		B3E7B58A1CC2AC0600A0062D /* RNShareUtils.m in Sources */ = {isa = PBXBuildFile; fileRef = B3E7B5891CC2AC0600A0062D /* RNShareUtils.m */; };
		CE400AC72045447B005DF73C /* UShareUI.framework in Frameworks */ = {isa = PBXBuildFile; fileRef = CE400AB02045447A005DF73C /* UShareUI.framework */; };
		CE400AC82045447B005DF73C /* UMSocialNetwork.framework in Frameworks */ = {isa = PBXBuildFile; fileRef = CE400AB22045447B005DF73C /* UMSocialNetwork.framework */; };
		CE400AC92045447B005DF73C /* UMSocialCore.framework in Frameworks */ = {isa = PBXBuildFile; fileRef = CE400AB42045447B005DF73C /* UMSocialCore.framework */; };
		CE400ACA2045447B005DF73C /* libSocialSMS.a in Frameworks */ = {isa = PBXBuildFile; fileRef = CE400AB72045447B005DF73C /* libSocialSMS.a */; };
		CE400ACB2045447B005DF73C /* libSocialUniqueId.a in Frameworks */ = {isa = PBXBuildFile; fileRef = CE400ABB2045447B005DF73C /* libSocialUniqueId.a */; };
		CE400ACC2045447B005DF73C /* libSocialWeChat.a in Frameworks */ = {isa = PBXBuildFile; fileRef = CE400ABD2045447B005DF73C /* libSocialWeChat.a */; };
		CE400ACD2045447B005DF73C /* libSocialSina.a in Frameworks */ = {isa = PBXBuildFile; fileRef = CE400AC02045447B005DF73C /* libSocialSina.a */; };
		CE400ACE2045447B005DF73C /* libSocialQQ.a in Frameworks */ = {isa = PBXBuildFile; fileRef = CE400AC42045447B005DF73C /* libSocialQQ.a */; };
		CE400ACF2045447B005DF73C /* libUMSocialLog.a in Frameworks */ = {isa = PBXBuildFile; fileRef = CE400AC62045447B005DF73C /* libUMSocialLog.a */; };
		CE400AEE204545DB005DF73C /* BStringUtil.m in Sources */ = {isa = PBXBuildFile; fileRef = CE400AED204545DB005DF73C /* BStringUtil.m */; };
/* End PBXBuildFile section */

/* Begin PBXCopyFilesBuildPhase section */
		58B511D91A9E6C8500147676 /* CopyFiles */ = {
			isa = PBXCopyFilesBuildPhase;
			buildActionMask = 2147483647;
			dstPath = "include/$(PRODUCT_NAME)";
			dstSubfolderSpec = 16;
			files = (
			);
			runOnlyForDeploymentPostprocessing = 0;
		};
/* End PBXCopyFilesBuildPhase section */

/* Begin PBXFileReference section */
		134814201AA4EA6300B7C361 /* libRNShareUtils.a */ = {isa = PBXFileReference; explicitFileType = archive.ar; includeInIndex = 0; path = libRNShareUtils.a; sourceTree = BUILT_PRODUCTS_DIR; };
		B3E7B5881CC2AC0600A0062D /* RNShareUtils.h */ = {isa = PBXFileReference; fileEncoding = 4; lastKnownFileType = sourcecode.c.h; path = RNShareUtils.h; sourceTree = "<group>"; };
		B3E7B5891CC2AC0600A0062D /* RNShareUtils.m */ = {isa = PBXFileReference; fileEncoding = 4; lastKnownFileType = sourcecode.c.objc; path = RNShareUtils.m; sourceTree = "<group>"; };
		CE400AAF2045447A005DF73C /* UMSocialSDKResources.bundle */ = {isa = PBXFileReference; lastKnownFileType = "wrapper.plug-in"; path = UMSocialSDKResources.bundle; sourceTree = "<group>"; };
		CE400AB02045447A005DF73C /* UShareUI.framework */ = {isa = PBXFileReference; lastKnownFileType = wrapper.framework; path = UShareUI.framework; sourceTree = "<group>"; };
		CE400AB22045447B005DF73C /* UMSocialNetwork.framework */ = {isa = PBXFileReference; lastKnownFileType = wrapper.framework; path = UMSocialNetwork.framework; sourceTree = "<group>"; };
		CE400AB32045447B005DF73C /* UMSocialSDKPromptResources.bundle */ = {isa = PBXFileReference; lastKnownFileType = "wrapper.plug-in"; path = UMSocialSDKPromptResources.bundle; sourceTree = "<group>"; };
		CE400AB42045447B005DF73C /* UMSocialCore.framework */ = {isa = PBXFileReference; lastKnownFileType = wrapper.framework; path = UMSocialCore.framework; sourceTree = "<group>"; };
		CE400AB72045447B005DF73C /* libSocialSMS.a */ = {isa = PBXFileReference; lastKnownFileType = archive.ar; path = libSocialSMS.a; sourceTree = "<group>"; };
		CE400AB82045447B005DF73C /* UMSocialSmsHandler.h */ = {isa = PBXFileReference; fileEncoding = 4; lastKnownFileType = sourcecode.c.h; path = UMSocialSmsHandler.h; sourceTree = "<group>"; };
		CE400ABA2045447B005DF73C /* UMSocialUniqueIdHandler.h */ = {isa = PBXFileReference; fileEncoding = 4; lastKnownFileType = sourcecode.c.h; path = UMSocialUniqueIdHandler.h; sourceTree = "<group>"; };
		CE400ABB2045447B005DF73C /* libSocialUniqueId.a */ = {isa = PBXFileReference; lastKnownFileType = archive.ar; path = libSocialUniqueId.a; sourceTree = "<group>"; };
		CE400ABD2045447B005DF73C /* libSocialWeChat.a */ = {isa = PBXFileReference; lastKnownFileType = archive.ar; path = libSocialWeChat.a; sourceTree = "<group>"; };
		CE400ABE2045447B005DF73C /* UMSocialWechatHandler.h */ = {isa = PBXFileReference; fileEncoding = 4; lastKnownFileType = sourcecode.c.h; path = UMSocialWechatHandler.h; sourceTree = "<group>"; };
		CE400AC02045447B005DF73C /* libSocialSina.a */ = {isa = PBXFileReference; lastKnownFileType = archive.ar; path = libSocialSina.a; sourceTree = "<group>"; };
		CE400AC12045447B005DF73C /* UMSocialSinaHandler.h */ = {isa = PBXFileReference; fileEncoding = 4; lastKnownFileType = sourcecode.c.h; path = UMSocialSinaHandler.h; sourceTree = "<group>"; };
		CE400AC32045447B005DF73C /* UMSocialQQHandler.h */ = {isa = PBXFileReference; fileEncoding = 4; lastKnownFileType = sourcecode.c.h; path = UMSocialQQHandler.h; sourceTree = "<group>"; };
		CE400AC42045447B005DF73C /* libSocialQQ.a */ = {isa = PBXFileReference; lastKnownFileType = archive.ar; path = libSocialQQ.a; sourceTree = "<group>"; };
		CE400AC62045447B005DF73C /* libUMSocialLog.a */ = {isa = PBXFileReference; lastKnownFileType = archive.ar; path = libUMSocialLog.a; sourceTree = "<group>"; };
		CE400AEC204545DB005DF73C /* BStringUtil.h */ = {isa = PBXFileReference; fileEncoding = 4; lastKnownFileType = sourcecode.c.h; path = BStringUtil.h; sourceTree = "<group>"; };
		CE400AED204545DB005DF73C /* BStringUtil.m */ = {isa = PBXFileReference; fileEncoding = 4; lastKnownFileType = sourcecode.c.objc; path = BStringUtil.m; sourceTree = "<group>"; };
/* End PBXFileReference section */

/* Begin PBXFrameworksBuildPhase section */
		58B511D81A9E6C8500147676 /* Frameworks */ = {
			isa = PBXFrameworksBuildPhase;
			buildActionMask = 2147483647;
			files = (
				CE400ACE2045447B005DF73C /* libSocialQQ.a in Frameworks */,
				CE400ACB2045447B005DF73C /* libSocialUniqueId.a in Frameworks */,
				CE400AC82045447B005DF73C /* UMSocialNetwork.framework in Frameworks */,
				CE400ACF2045447B005DF73C /* libUMSocialLog.a in Frameworks */,
				CE400AC92045447B005DF73C /* UMSocialCore.framework in Frameworks */,
				CE400ACD2045447B005DF73C /* libSocialSina.a in Frameworks */,
				CE400ACA2045447B005DF73C /* libSocialSMS.a in Frameworks */,
				CE400ACC2045447B005DF73C /* libSocialWeChat.a in Frameworks */,
				CE400AC72045447B005DF73C /* UShareUI.framework in Frameworks */,
			);
			runOnlyForDeploymentPostprocessing = 0;
		};
/* End PBXFrameworksBuildPhase section */

/* Begin PBXGroup section */
		134814211AA4EA7D00B7C361 /* Products */ = {
			isa = PBXGroup;
			children = (
				134814201AA4EA6300B7C361 /* libRNShareUtils.a */,
			);
			name = Products;
			sourceTree = "<group>";
		};
		58B511D21A9E6C8500147676 = {
			isa = PBXGroup;
			children = (
				CE400AD020454502005DF73C /* BUtil */,
				CE400AAC2045444A005DF73C /* Core */,
				B3E7B5881CC2AC0600A0062D /* RNShareUtils.h */,
				B3E7B5891CC2AC0600A0062D /* RNShareUtils.m */,
				134814211AA4EA7D00B7C361 /* Products */,
			);
			sourceTree = "<group>";
		};
		CE400AAC2045444A005DF73C /* Core */ = {
			isa = PBXGroup;
			children = (
				CE400AAD20454461005DF73C /* 3rd */,
			);
			path = Core;
			sourceTree = "<group>";
		};
		CE400AAD20454461005DF73C /* 3rd */ = {
			isa = PBXGroup;
			children = (
				CE400AB52045447B005DF73C /* SocialLibraries */,
				CE400AB12045447B005DF73C /* UMSocialSDK */,
				CE400AC52045447B005DF73C /* UMSocialSDKPlugin */,
				CE400AAE2045447A005DF73C /* UMSocialUI */,
			);
			path = 3rd;
			sourceTree = "<group>";
		};
		CE400AAE2045447A005DF73C /* UMSocialUI */ = {
			isa = PBXGroup;
			children = (
				CE400AAF2045447A005DF73C /* UMSocialSDKResources.bundle */,
				CE400AB02045447A005DF73C /* UShareUI.framework */,
			);
			path = UMSocialUI;
			sourceTree = "<group>";
		};
		CE400AB12045447B005DF73C /* UMSocialSDK */ = {
			isa = PBXGroup;
			children = (
				CE400AB22045447B005DF73C /* UMSocialNetwork.framework */,
				CE400AB32045447B005DF73C /* UMSocialSDKPromptResources.bundle */,
				CE400AB42045447B005DF73C /* UMSocialCore.framework */,
			);
			path = UMSocialSDK;
			sourceTree = "<group>";
		};
		CE400AB52045447B005DF73C /* SocialLibraries */ = {
			isa = PBXGroup;
			children = (
				CE400AB62045447B005DF73C /* SMS */,
				CE400AB92045447B005DF73C /* UniqueId */,
				CE400ABC2045447B005DF73C /* WeChat */,
				CE400ABF2045447B005DF73C /* Sina */,
				CE400AC22045447B005DF73C /* QQ */,
			);
			path = SocialLibraries;
			sourceTree = "<group>";
		};
		CE400AB62045447B005DF73C /* SMS */ = {
			isa = PBXGroup;
			children = (
				CE400AB72045447B005DF73C /* libSocialSMS.a */,
				CE400AB82045447B005DF73C /* UMSocialSmsHandler.h */,
			);
			path = SMS;
			sourceTree = "<group>";
		};
		CE400AB92045447B005DF73C /* UniqueId */ = {
			isa = PBXGroup;
			children = (
				CE400ABA2045447B005DF73C /* UMSocialUniqueIdHandler.h */,
				CE400ABB2045447B005DF73C /* libSocialUniqueId.a */,
			);
			path = UniqueId;
			sourceTree = "<group>";
		};
		CE400ABC2045447B005DF73C /* WeChat */ = {
			isa = PBXGroup;
			children = (
				CE400ABD2045447B005DF73C /* libSocialWeChat.a */,
				CE400ABE2045447B005DF73C /* UMSocialWechatHandler.h */,
			);
			path = WeChat;
			sourceTree = "<group>";
		};
		CE400ABF2045447B005DF73C /* Sina */ = {
			isa = PBXGroup;
			children = (
				CE400AC02045447B005DF73C /* libSocialSina.a */,
				CE400AC12045447B005DF73C /* UMSocialSinaHandler.h */,
			);
			path = Sina;
			sourceTree = "<group>";
		};
		CE400AC22045447B005DF73C /* QQ */ = {
			isa = PBXGroup;
			children = (
				CE400AC32045447B005DF73C /* UMSocialQQHandler.h */,
				CE400AC42045447B005DF73C /* libSocialQQ.a */,
			);
			path = QQ;
			sourceTree = "<group>";
		};
		CE400AC52045447B005DF73C /* UMSocialSDKPlugin */ = {
			isa = PBXGroup;
			children = (
				CE400AC62045447B005DF73C /* libUMSocialLog.a */,
			);
			path = UMSocialSDKPlugin;
			sourceTree = "<group>";
		};
		CE400AD020454502005DF73C /* BUtil */ = {
			isa = PBXGroup;
			children = (
				CE400AEC204545DB005DF73C /* BStringUtil.h */,
				CE400AED204545DB005DF73C /* BStringUtil.m */,
			);
			path = BUtil;
			sourceTree = "<group>";
		};
/* End PBXGroup section */

/* Begin PBXNativeTarget section */
		58B511DA1A9E6C8500147676 /* RNShareUtils */ = {
			isa = PBXNativeTarget;
			buildConfigurationList = 58B511EF1A9E6C8500147676 /* Build configuration list for PBXNativeTarget "RNShareUtils" */;
			buildPhases = (
				58B511D71A9E6C8500147676 /* Sources */,
				58B511D81A9E6C8500147676 /* Frameworks */,
				58B511D91A9E6C8500147676 /* CopyFiles */,
			);
			buildRules = (
			);
			dependencies = (
			);
			name = RNShareUtils;
			productName = RCTDataManager;
			productReference = 134814201AA4EA6300B7C361 /* libRNShareUtils.a */;
			productType = "com.apple.product-type.library.static";
		};
/* End PBXNativeTarget section */

/* Begin PBXProject section */
		58B511D31A9E6C8500147676 /* Project object */ = {
			isa = PBXProject;
			attributes = {
				LastUpgradeCheck = 0830;
				ORGANIZATIONNAME = Facebook;
				TargetAttributes = {
					58B511DA1A9E6C8500147676 = {
						CreatedOnToolsVersion = 6.1.1;
					};
				};
			};
			buildConfigurationList = 58B511D61A9E6C8500147676 /* Build configuration list for PBXProject "RNShareUtils" */;
			compatibilityVersion = "Xcode 3.2";
			developmentRegion = English;
			hasScannedForEncodings = 0;
			knownRegions = (
				en,
			);
			mainGroup = 58B511D21A9E6C8500147676;
			productRefGroup = 58B511D21A9E6C8500147676;
			projectDirPath = "";
			projectRoot = "";
			targets = (
				58B511DA1A9E6C8500147676 /* RNShareUtils */,
			);
		};
/* End PBXProject section */

/* Begin PBXSourcesBuildPhase section */
		58B511D71A9E6C8500147676 /* Sources */ = {
			isa = PBXSourcesBuildPhase;
			buildActionMask = 2147483647;
			files = (
				B3E7B58A1CC2AC0600A0062D /* RNShareUtils.m in Sources */,
				CE400AEE204545DB005DF73C /* BStringUtil.m in Sources */,
			);
			runOnlyForDeploymentPostprocessing = 0;
		};
/* End PBXSourcesBuildPhase section */

/* Begin XCBuildConfiguration section */
		58B511ED1A9E6C8500147676 /* Debug */ = {
			isa = XCBuildConfiguration;
			buildSettings = {
				ALWAYS_SEARCH_USER_PATHS = NO;
				CLANG_CXX_LANGUAGE_STANDARD = "gnu++0x";
				CLANG_CXX_LIBRARY = "libc++";
				CLANG_ENABLE_MODULES = YES;
				CLANG_ENABLE_OBJC_ARC = YES;
				CLANG_WARN_BOOL_CONVERSION = YES;
				CLANG_WARN_CONSTANT_CONVERSION = YES;
				CLANG_WARN_DIRECT_OBJC_ISA_USAGE = YES_ERROR;
				CLANG_WARN_EMPTY_BODY = YES;
				CLANG_WARN_ENUM_CONVERSION = YES;
				CLANG_WARN_INFINITE_RECURSION = YES;
				CLANG_WARN_INT_CONVERSION = YES;
				CLANG_WARN_OBJC_ROOT_CLASS = YES_ERROR;
				CLANG_WARN_SUSPICIOUS_MOVE = YES;
				CLANG_WARN_UNREACHABLE_CODE = YES;
				CLANG_WARN__DUPLICATE_METHOD_MATCH = YES;
				COPY_PHASE_STRIP = NO;
				ENABLE_STRICT_OBJC_MSGSEND = YES;
				ENABLE_TESTABILITY = YES;
				GCC_C_LANGUAGE_STANDARD = gnu99;
				GCC_DYNAMIC_NO_PIC = NO;
				GCC_NO_COMMON_BLOCKS = YES;
				GCC_OPTIMIZATION_LEVEL = 0;
				GCC_PREPROCESSOR_DEFINITIONS = (
					"DEBUG=1",
					"$(inherited)",
				);
				GCC_SYMBOLS_PRIVATE_EXTERN = NO;
				GCC_WARN_64_TO_32_BIT_CONVERSION = YES;
				GCC_WARN_ABOUT_RETURN_TYPE = YES_ERROR;
				GCC_WARN_UNDECLARED_SELECTOR = YES;
				GCC_WARN_UNINITIALIZED_AUTOS = YES_AGGRESSIVE;
				GCC_WARN_UNUSED_FUNCTION = YES;
				GCC_WARN_UNUSED_VARIABLE = YES;
				IPHONEOS_DEPLOYMENT_TARGET = 8.0;
				MTL_ENABLE_DEBUG_INFO = YES;
				ONLY_ACTIVE_ARCH = YES;
				SDKROOT = iphoneos;
			};
			name = Debug;
		};
		58B511EE1A9E6C8500147676 /* Release */ = {
			isa = XCBuildConfiguration;
			buildSettings = {
				ALWAYS_SEARCH_USER_PATHS = NO;
				CLANG_CXX_LANGUAGE_STANDARD = "gnu++0x";
				CLANG_CXX_LIBRARY = "libc++";
				CLANG_ENABLE_MODULES = YES;
				CLANG_ENABLE_OBJC_ARC = YES;
				CLANG_WARN_BOOL_CONVERSION = YES;
				CLANG_WARN_CONSTANT_CONVERSION = YES;
				CLANG_WARN_DIRECT_OBJC_ISA_USAGE = YES_ERROR;
				CLANG_WARN_EMPTY_BODY = YES;
				CLANG_WARN_ENUM_CONVERSION = YES;
				CLANG_WARN_INFINITE_RECURSION = YES;
				CLANG_WARN_INT_CONVERSION = YES;
				CLANG_WARN_OBJC_ROOT_CLASS = YES_ERROR;
				CLANG_WARN_SUSPICIOUS_MOVE = YES;
				CLANG_WARN_UNREACHABLE_CODE = YES;
				CLANG_WARN__DUPLICATE_METHOD_MATCH = YES;
				COPY_PHASE_STRIP = YES;
				ENABLE_NS_ASSERTIONS = NO;
				ENABLE_STRICT_OBJC_MSGSEND = YES;
				GCC_C_LANGUAGE_STANDARD = gnu99;
				GCC_NO_COMMON_BLOCKS = YES;
				GCC_WARN_64_TO_32_BIT_CONVERSION = YES;
				GCC_WARN_ABOUT_RETURN_TYPE = YES_ERROR;
				GCC_WARN_UNDECLARED_SELECTOR = YES;
				GCC_WARN_UNINITIALIZED_AUTOS = YES_AGGRESSIVE;
				GCC_WARN_UNUSED_FUNCTION = YES;
				GCC_WARN_UNUSED_VARIABLE = YES;
				IPHONEOS_DEPLOYMENT_TARGET = 8.0;
				MTL_ENABLE_DEBUG_INFO = NO;
				SDKROOT = iphoneos;
				VALIDATE_PRODUCT = YES;
			};
			name = Release;
		};
		58B511F01A9E6C8500147676 /* Debug */ = {
			isa = XCBuildConfiguration;
			buildSettings = {
				FRAMEWORK_SEARCH_PATHS = (
					"$(inherited)",
					"$(PROJECT_DIR)/Core/3rd/UMSocialUI",
					"$(PROJECT_DIR)/Core/3rd/UMSocialSDK",
				);
				HEADER_SEARCH_PATHS = (
					"$(inherited)",
					/Applications/Xcode.app/Contents/Developer/Toolchains/XcodeDefault.xctoolchain/usr/include,
					"$(SRCROOT)/../../../React/**",
					"$(SRCROOT)/../../react-native/React/**",
				);
				LIBRARY_SEARCH_PATHS = (
					"$(inherited)",
					"$(PROJECT_DIR)/Core/3rd/SocialLibraries/SMS",
					"$(PROJECT_DIR)/Core/3rd/SocialLibraries/UniqueId",
					"$(PROJECT_DIR)/Core/3rd/SocialLibraries/WeChat",
					"$(PROJECT_DIR)/Core/3rd/SocialLibraries/Sina",
					"$(PROJECT_DIR)/Core/3rd/SocialLibraries/QQ",
					"$(PROJECT_DIR)/Core/3rd/UMSocialSDKPlugin",
				);
				OTHER_LDFLAGS = "-ObjC";
				PRODUCT_NAME = RNShareUtils;
				SKIP_INSTALL = YES;
			};
			name = Debug;
		};
		58B511F11A9E6C8500147676 /* Release */ = {
			isa = XCBuildConfiguration;
			buildSettings = {
				FRAMEWORK_SEARCH_PATHS = (
					"$(inherited)",
					"$(PROJECT_DIR)/Core/3rd/UMSocialUI",
					"$(PROJECT_DIR)/Core/3rd/UMSocialSDK",
				);
				HEADER_SEARCH_PATHS = (
					"$(inherited)",
					/Applications/Xcode.app/Contents/Developer/Toolchains/XcodeDefault.xctoolchain/usr/include,
					"$(SRCROOT)/../../../React/**",
					"$(SRCROOT)/../../react-native/React/**",
				);
				LIBRARY_SEARCH_PATHS = (
					"$(inherited)",
					"$(PROJECT_DIR)/Core/3rd/SocialLibraries/SMS",
					"$(PROJECT_DIR)/Core/3rd/SocialLibraries/UniqueId",
					"$(PROJECT_DIR)/Core/3rd/SocialLibraries/WeChat",
					"$(PROJECT_DIR)/Core/3rd/SocialLibraries/Sina",
					"$(PROJECT_DIR)/Core/3rd/SocialLibraries/QQ",
					"$(PROJECT_DIR)/Core/3rd/UMSocialSDKPlugin",
				);
				OTHER_LDFLAGS = "-ObjC";
				PRODUCT_NAME = RNShareUtils;
				SKIP_INSTALL = YES;
			};
			name = Release;
		};
/* End XCBuildConfiguration section */

/* Begin XCConfigurationList section */
		58B511D61A9E6C8500147676 /* Build configuration list for PBXProject "RNShareUtils" */ = {
			isa = XCConfigurationList;
			buildConfigurations = (
				58B511ED1A9E6C8500147676 /* Debug */,
				58B511EE1A9E6C8500147676 /* Release */,
			);
			defaultConfigurationIsVisible = 0;
			defaultConfigurationName = Release;
		};
		58B511EF1A9E6C8500147676 /* Build configuration list for PBXNativeTarget "RNShareUtils" */ = {
			isa = XCConfigurationList;
			buildConfigurations = (
				58B511F01A9E6C8500147676 /* Debug */,
				58B511F11A9E6C8500147676 /* Release */,
			);
			defaultConfigurationIsVisible = 0;
			defaultConfigurationName = Release;
		};
/* End XCConfigurationList section */
	};
	rootObject = 58B511D31A9E6C8500147676 /* Project object */;
}
